
Microsoft Visual Studio Solution File, Format Version 12.00
# Visual Studio Version 17
VisualStudioVersion = 17.11.35219.272
MinimumVisualStudioVersion = 10.0.40219.1
Project("{9A19103F-16F7-4668-BE54-9A1E7A4F7556}") = "Entities", "Entities\Entities.csproj", "{BBE13EFD-8156-4816-8AE7-9A2D98E7950E}"
EndProject
Project("{9A19103F-16F7-4668-BE54-9A1E7A4F7556}") = "DAL", "DAL\DAL.csproj", "{523FE324-F799-4F47-9746-DFB885E11C79}"
EndProject
Project("{9A19103F-16F7-4668-BE54-9A1E7A4F7556}") = "BackEnd", "BackEnd\BackEnd.csproj", "{62FBD342-1D1E-4AC8-874D-CC954FD9E86C}"
EndProject
Project("{FAE04EC0-301F-11D3-BF4B-00C04F79EFBC}") = "FrontEnd", "FrontEnd\FrontEnd.csproj", "{7EBB1D2B-ABDC-4AF0-9D9C-35280CBAF1F9}"
EndProject
Global
	GlobalSection(SolutionConfigurationPlatforms) = preSolution
		Debug|Any CPU = Debug|Any CPU
		Release|Any CPU = Release|Any CPU
	EndGlobalSection
	GlobalSection(ProjectConfigurationPlatforms) = postSolution
		{BBE13EFD-8156-4816-8AE7-9A2D98E7950E}.Debug|Any CPU.ActiveCfg = Debug|Any CPU
		{BBE13EFD-8156-4816-8AE7-9A2D98E7950E}.Debug|Any CPU.Build.0 = Debug|Any CPU
		{BBE13EFD-8156-4816-8AE7-9A2D98E7950E}.Release|Any CPU.ActiveCfg = Release|Any CPU
		{BBE13EFD-8156-4816-8AE7-9A2D98E7950E}.Release|Any CPU.Build.0 = Release|Any CPU
		{523FE324-F799-4F47-9746-DFB885E11C79}.Debug|Any CPU.ActiveCfg = Debug|Any CPU
		{523FE324-F799-4F47-9746-DFB885E11C79}.Debug|Any CPU.Build.0 = Debug|Any CPU
		{523FE324-F799-4F47-9746-DFB885E11C79}.Release|Any CPU.ActiveCfg = Release|Any CPU
		{523FE324-F799-4F47-9746-DFB885E11C79}.Release|Any CPU.Build.0 = Release|Any CPU
		{62FBD342-1D1E-4AC8-874D-CC954FD9E86C}.Debug|Any CPU.ActiveCfg = Debug|Any CPU
		{62FBD342-1D1E-4AC8-874D-CC954FD9E86C}.Debug|Any CPU.Build.0 = Debug|Any CPU
		{62FBD342-1D1E-4AC8-874D-CC954FD9E86C}.Release|Any CPU.ActiveCfg = Release|Any CPU
		{62FBD342-1D1E-4AC8-874D-CC954FD9E86C}.Release|Any CPU.Build.0 = Release|Any CPU
		{7EBB1D2B-ABDC-4AF0-9D9C-35280CBAF1F9}.Debug|Any CPU.ActiveCfg = Debug|Any CPU
		{7EBB1D2B-ABDC-4AF0-9D9C-35280CBAF1F9}.Debug|Any CPU.Build.0 = Debug|Any CPU
		{7EBB1D2B-ABDC-4AF0-9D9C-35280CBAF1F9}.Release|Any CPU.ActiveCfg = Release|Any CPU
		{7EBB1D2B-ABDC-4AF0-9D9C-35280CBAF1F9}.Release|Any CPU.Build.0 = Release|Any CPU
	EndGlobalSection
	GlobalSection(SolutionProperties) = preSolution
		HideSolutionNode = FALSE
	EndGlobalSection
	GlobalSection(ExtensibilityGlobals) = postSolution
		SolutionGuid = {32C2AA1C-AFD3-4B0D-A48E-D59DD72C331B}
	EndGlobalSection
EndGlobal
